// !$*UTF8*$!
{
	archiveVersion = 1;
	classes = {
	};
	objectVersion = 50;
	objects = {

/* Begin PBXBuildFile section */
		4DDFE4FB25C5501E008A2087 /* AppDelegate.swift in Sources */ = {isa = PBXBuildFile; fileRef = 4DDFE4FA25C5501E008A2087 /* AppDelegate.swift */; };
		4DDFE4FD25C5501E008A2087 /* SceneDelegate.swift in Sources */ = {isa = PBXBuildFile; fileRef = 4DDFE4FC25C5501E008A2087 /* SceneDelegate.swift */; };
		4DDFE4FF25C5501E008A2087 /* ViewController.swift in Sources */ = {isa = PBXBuildFile; fileRef = 4DDFE4FE25C5501E008A2087 /* ViewController.swift */; };
		4DDFE50225C5501E008A2087 /* Main.storyboard in Resources */ = {isa = PBXBuildFile; fileRef = 4DDFE50025C5501E008A2087 /* Main.storyboard */; };
		4DDFE50425C5501E008A2087 /* Assets.xcassets in Resources */ = {isa = PBXBuildFile; fileRef = 4DDFE50325C5501E008A2087 /* Assets.xcassets */; };
		4DDFE50725C5501E008A2087 /* LaunchScreen.storyboard in Resources */ = {isa = PBXBuildFile; fileRef = 4DDFE50525C5501E008A2087 /* LaunchScreen.storyboard */; };
		4DDFE51625C62A8B008A2087 /* ImageViewExtension.swift in Sources */ = {isa = PBXBuildFile; fileRef = 4DDFE51525C62A8B008A2087 /* ImageViewExtension.swift */; };
/* End PBXBuildFile section */

/* Begin PBXFileReference section */
		4DDFE4F725C5501E008A2087 /* Shneiderman_Mark.app */ = {isa = PBXFileReference; explicitFileType = wrapper.application; includeInIndex = 0; path = Shneiderman_Mark.app; sourceTree = BUILT_PRODUCTS_DIR; };
		4DDFE4FA25C5501E008A2087 /* AppDelegate.swift */ = {isa = PBXFileReference; lastKnownFileType = sourcecode.swift; path = AppDelegate.swift; sourceTree = "<group>"; };
		4DDFE4FC25C5501E008A2087 /* SceneDelegate.swift */ = {isa = PBXFileReference; lastKnownFileType = sourcecode.swift; path = SceneDelegate.swift; sourceTree = "<group>"; };
		4DDFE4FE25C5501E008A2087 /* ViewController.swift */ = {isa = PBXFileReference; lastKnownFileType = sourcecode.swift; path = ViewController.swift; sourceTree = "<group>"; };
		4DDFE50125C5501E008A2087 /* Base */ = {isa = PBXFileReference; lastKnownFileType = file.storyboard; name = Base; path = Base.lproj/Main.storyboard; sourceTree = "<group>"; };
		4DDFE50325C5501E008A2087 /* Assets.xcassets */ = {isa = PBXFileReference; lastKnownFileType = folder.assetcatalog; path = Assets.xcassets; sourceTree = "<group>"; };
		4DDFE50625C5501E008A2087 /* Base */ = {isa = PBXFileReference; lastKnownFileType = file.storyboard; name = Base; path = Base.lproj/LaunchScreen.storyboard; sourceTree = "<group>"; };
		4DDFE50825C5501E008A2087 /* Info.plist */ = {isa = PBXFileReference; lastKnownFileType = text.plist.xml; path = Info.plist; sourceTree = "<group>"; };
		4DDFE51525C62A8B008A2087 /* ImageViewExtension.swift */ = {isa = PBXFileReference; lastKnownFileType = sourcecode.swift; path = ImageViewExtension.swift; sourceTree = "<group>"; };
/* End PBXFileReference section */

/* Begin PBXFrameworksBuildPhase section */
		4DDFE4F425C5501E008A2087 /* Frameworks */ = {
			isa = PBXFrameworksBuildPhase;
			buildActionMask = 2147483647;
			files = (
			);
			runOnlyForDeploymentPostprocessing = 0;
		};
/* End PBXFrameworksBuildPhase section */

/* Begin PBXGroup section */
		4DDFE4EE25C5501E008A2087 = {
			isa = PBXGroup;
			children = (
				4DDFE4F925C5501E008A2087 /* Shneiderman_Mark */,
				4DDFE4F825C5501E008A2087 /* Products */,
			);
			sourceTree = "<group>";
		};
		4DDFE4F825C5501E008A2087 /* Products */ = {
			isa = PBXGroup;
			children = (
				4DDFE4F725C5501E008A2087 /* Shneiderman_Mark.app */,
			);
			name = Products;
			sourceTree = "<group>";
		};
		4DDFE4F925C5501E008A2087 /* Shneiderman_Mark */ = {
			isa = PBXGroup;
			children = (
				4DDFE4FA25C5501E008A2087 /* AppDelegate.swift */,
				4DDFE4FC25C5501E008A2087 /* SceneDelegate.swift */,
				4DDFE4FE25C5501E008A2087 /* ViewController.swift */,
				4DDFE51525C62A8B008A2087 /* ImageViewExtension.swift */,
				4DDFE50025C5501E008A2087 /* Main.storyboard */,
				4DDFE50325C5501E008A2087 /* Assets.xcassets */,
				4DDFE50525C5501E008A2087 /* LaunchScreen.storyboard */,
				4DDFE50825C5501E008A2087 /* Info.plist */,
			);
			path = Shneiderman_Mark;
			sourceTree = "<group>";
		};
/* End PBXGroup section */

/* Begin PBXNativeTarget section */
		4DDFE4F625C5501E008A2087 /* Shneiderman_Mark */ = {
			isa = PBXNativeTarget;
			buildConfigurationList = 4DDFE50B25C5501E008A2087 /* Build configuration list for PBXNativeTarget "Shneiderman_Mark" */;
			buildPhases = (
				4DDFE4F325C5501E008A2087 /* Sources */,
				4DDFE4F425C5501E008A2087 /* Frameworks */,
				4DDFE4F525C5501E008A2087 /* Resources */,
			);
			buildRules = (
			);
			dependencies = (
			);
			name = Shneiderman_Mark;
			productName = Shneiderman_Mark;
			productReference = 4DDFE4F725C5501E008A2087 /* Shneiderman_Mark.app */;
			productType = "com.apple.product-type.application";
		};
/* End PBXNativeTarget section */

/* Begin PBXProject section */
		4DDFE4EF25C5501E008A2087 /* Project object */ = {
			isa = PBXProject;
			attributes = {
				LastSwiftUpdateCheck = 1240;
				LastUpgradeCheck = 1240;
				TargetAttributes = {
					4DDFE4F625C5501E008A2087 = {
						CreatedOnToolsVersion = 12.4;
					};
				};
			};
			buildConfigurationList = 4DDFE4F225C5501E008A2087 /* Build configuration list for PBXProject "Shneiderman_Mark" */;
			compatibilityVersion = "Xcode 9.3";
			developmentRegion = en;
			hasScannedForEncodings = 0;
			knownRegions = (
				en,
				Base,
			);
			mainGroup = 4DDFE4EE25C5501E008A2087;
			productRefGroup = 4DDFE4F825C5501E008A2087 /* Products */;
			projectDirPath = "";
			projectRoot = "";
			targets = (
				4DDFE4F625C5501E008A2087 /* Shneiderman_Mark */,
			);
		};
/* End PBXProject section */

/* Begin PBXResourcesBuildPhase section */
		4DDFE4F525C5501E008A2087 /* Resources */ = {
			isa = PBXResourcesBuildPhase;
			buildActionMask = 2147483647;
			files = (
				4DDFE50725C5501E008A2087 /* LaunchScreen.storyboard in Resources */,
				4DDFE50425C5501E008A2087 /* Assets.xcassets in Resources */,
				4DDFE50225C5501E008A2087 /* Main.storyboard in Resources */,
			);
			runOnlyForDeploymentPostprocessing = 0;
		};
/* End PBXResourcesBuildPhase section */

/* Begin PBXSourcesBuildPhase section */
		4DDFE4F325C5501E008A2087 /* Sources */ = {
			isa = PBXSourcesBuildPhase;
			buildActionMask = 2147483647;
			files = (
				4DDFE4FF25C5501E008A2087 /* ViewController.swift in Sources */,
				4DDFE4FB25C5501E008A2087 /* AppDelegate.swift in Sources */,
				4DDFE51625C62A8B008A2087 /* ImageViewExtension.swift in Sources */,
				4DDFE4FD25C5501E008A2087 /* SceneDelegate.swift in Sources */,
			);
			runOnlyForDeploymentPostprocessing = 0;
		};
/* End PBXSourcesBuildPhase section */

/* Begin PBXVariantGroup section */
		4DDFE50025C5501E008A2087 /* Main.storyboard */ = {
			isa = PBXVariantGroup;
			children = (
				4DDFE50125C5501E008A2087 /* Base */,
			);
			name = Main.storyboard;
			sourceTree = "<group>";
		};
		4DDFE50525C5501E008A2087 /* LaunchScreen.storyboard */ = {
			isa = PBXVariantGroup;
			children = (
				4DDFE50625C5501E008A2087 /* Base */,
			);
			name = LaunchScreen.storyboard;
			sourceTree = "<group>";
		};
/* End PBXVariantGroup section */

/* Begin XCBuildConfiguration section */
		4DDFE50925C5501E008A2087 /* Debug */ = {
			isa = XCBuildConfiguration;
			buildSettings = {
				ALWAYS_SEARCH_USER_PATHS = NO;
				CLANG_ANALYZER_NONNULL = YES;
				CLANG_ANALYZER_NUMBER_OBJECT_CONVERSION = YES_AGGRESSIVE;
				CLANG_CXX_LANGUAGE_STANDARD = "gnu++14";
				CLANG_CXX_LIBRARY = "libc++";
				CLANG_ENABLE_MODULES = YES;
				CLANG_ENABLE_OBJC_ARC = YES;
				CLANG_ENABLE_OBJC_WEAK = YES;
				CLANG_WARN_BLOCK_CAPTURE_AUTORELEASING = YES;
				CLANG_WARN_BOOL_CONVERSION = YES;
				CLANG_WARN_COMMA = YES;
				CLANG_WARN_CONSTANT_CONVERSION = YES;
				CLANG_WARN_DEPRECATED_OBJC_IMPLEMENTATIONS = YES;
				CLANG_WARN_DIRECT_OBJC_ISA_USAGE = YES_ERROR;
				CLANG_WARN_DOCUMENTATION_COMMENTS = YES;
				CLANG_WARN_EMPTY_BODY = YES;
				CLANG_WARN_ENUM_CONVERSION = YES;
				CLANG_WARN_INFINITE_RECURSION = YES;
				CLANG_WARN_INT_CONVERSION = YES;
				CLANG_WARN_NON_LITERAL_NULL_CONVERSION = YES;
				CLANG_WARN_OBJC_IMPLICIT_RETAIN_SELF = YES;
				CLANG_WARN_OBJC_LITERAL_CONVERSION = YES;
				CLANG_WARN_OBJC_ROOT_CLASS = YES_ERROR;
				CLANG_WARN_QUOTED_INCLUDE_IN_FRAMEWORK_HEADER = YES;
				CLANG_WARN_RANGE_LOOP_ANALYSIS = YES;
				CLANG_WARN_STRICT_PROTOTYPES = YES;
				CLANG_WARN_SUSPICIOUS_MOVE = YES;
				CLANG_WARN_UNGUARDED_AVAILABILITY = YES_AGGRESSIVE;
				CLANG_WARN_UNREACHABLE_CODE = YES;
				CLANG_WARN__DUPLICATE_METHOD_MATCH = YES;
				COPY_PHASE_STRIP = NO;
				DEBUG_INFORMATION_FORMAT = dwarf;
				ENABLE_STRICT_OBJC_MSGSEND = YES;
				ENABLE_TESTABILITY = YES;
				GCC_C_LANGUAGE_STANDARD = gnu11;
				GCC_DYNAMIC_NO_PIC = NO;
				GCC_NO_COMMON_BLOCKS = YES;
				GCC_OPTIMIZATION_LEVEL = 0;
				GCC_PREPROCESSOR_DEFINITIONS = (
					"DEBUG=1",
					"$(inherited)",
				);
				GCC_WARN_64_TO_32_BIT_CONVERSION = YES;
				GCC_WARN_ABOUT_RETURN_TYPE = YES_ERROR;
				GCC_WARN_UNDECLARED_SELECTOR = YES;
				GCC_WARN_UNINITIALIZED_AUTOS = YES_AGGRESSIVE;
				GCC_WARN_UNUSED_FUNCTION = YES;
				GCC_WARN_UNUSED_VARIABLE = YES;
				IPHONEOS_DEPLOYMENT_TARGET = 14.4;
				MTL_ENABLE_DEBUG_INFO = INCLUDE_SOURCE;
				MTL_FAST_MATH = YES;
				ONLY_ACTIVE_ARCH = YES;
				SDKROOT = iphoneos;
				SWIFT_ACTIVE_COMPILATION_CONDITIONS = DEBUG;
				SWIFT_OPTIMIZATION_LEVEL = "-Onone";
			};
			name = Debug;
		};
		4DDFE50A25C5501E008A2087 /* Release */ = {
			isa = XCBuildConfiguration;
			buildSettings = {
				ALWAYS_SEARCH_USER_PATHS = NO;
				CLANG_ANALYZER_NONNULL = YES;
				CLANG_ANALYZER_NUMBER_OBJECT_CONVERSION = YES_AGGRESSIVE;
				CLANG_CXX_LANGUAGE_STANDARD = "gnu++14";
				CLANG_CXX_LIBRARY = "libc++";
				CLANG_ENABLE_MODULES = YES;
				CLANG_ENABLE_OBJC_ARC = YES;
				CLANG_ENABLE_OBJC_WEAK = YES;
				CLANG_WARN_BLOCK_CAPTURE_AUTORELEASING = YES;
				CLANG_WARN_BOOL_CONVERSION = YES;
				CLANG_WARN_COMMA = YES;
				CLANG_WARN_CONSTANT_CONVERSION = YES;
				CLANG_WARN_DEPRECATED_OBJC_IMPLEMENTATIONS = YES;
				CLANG_WARN_DIRECT_OBJC_ISA_USAGE = YES_ERROR;
				CLANG_WARN_DOCUMENTATION_COMMENTS = YES;
				CLANG_WARN_EMPTY_BODY = YES;
				CLANG_WARN_ENUM_CONVERSION = YES;
				CLANG_WARN_INFINITE_RECURSION = YES;
				CLANG_WARN_INT_CONVERSION = YES;
				CLANG_WARN_NON_LITERAL_NULL_CONVERSION = YES;
				CLANG_WARN_OBJC_IMPLICIT_RETAIN_SELF = YES;
				CLANG_WARN_OBJC_LITERAL_CONVERSION = YES;
				CLANG_WARN_OBJC_ROOT_CLASS = YES_ERROR;
				CLANG_WARN_QUOTED_INCLUDE_IN_FRAMEWORK_HEADER = YES;
				CLANG_WARN_RANGE_LOOP_ANALYSIS = YES;
				CLANG_WARN_STRICT_PROTOTYPES = YES;
				CLANG_WARN_SUSPICIOUS_MOVE = YES;
				CLANG_WARN_UNGUARDED_AVAILABILITY = YES_AGGRESSIVE;
				CLANG_WARN_UNREACHABLE_CODE = YES;
				CLANG_WARN__DUPLICATE_METHOD_MATCH = YES;
				COPY_PHASE_STRIP = NO;
				DEBUG_INFORMATION_FORMAT = "dwarf-with-dsym";
				ENABLE_NS_ASSERTIONS = NO;
				ENABLE_STRICT_OBJC_MSGSEND = YES;
				GCC_C_LANGUAGE_STANDARD = gnu11;
				GCC_NO_COMMON_BLOCKS = YES;
				GCC_WARN_64_TO_32_BIT_CONVERSION = YES;
				GCC_WARN_ABOUT_RETURN_TYPE = YES_ERROR;
				GCC_WARN_UNDECLARED_SELECTOR = YES;
				GCC_WARN_UNINITIALIZED_AUTOS = YES_AGGRESSIVE;
				GCC_WARN_UNUSED_FUNCTION = YES;
				GCC_WARN_UNUSED_VARIABLE = YES;
				IPHONEOS_DEPLOYMENT_TARGET = 14.4;
				MTL_ENABLE_DEBUG_INFO = NO;
				MTL_FAST_MATH = YES;
				SDKROOT = iphoneos;
				SWIFT_COMPILATION_MODE = wholemodule;
				SWIFT_OPTIMIZATION_LEVEL = "-O";
				VALIDATE_PRODUCT = YES;
			};
			name = Release;
		};
		4DDFE50C25C5501E008A2087 /* Debug */ = {
			isa = XCBuildConfiguration;
			buildSettings = {
				ASSETCATALOG_COMPILER_APPICON_NAME = AppIcon;
				ASSETCATALOG_COMPILER_GLOBAL_ACCENT_COLOR_NAME = AccentColor;
				CODE_SIGN_STYLE = Automatic;
				DEVELOPMENT_TEAM = 58F4X29Z9Z;
				INFOPLIST_FILE = Shneiderman_Mark/Info.plist;
				IPHONEOS_DEPLOYMENT_TARGET = 14.4;
				LD_RUNPATH_SEARCH_PATHS = (
					"$(inherited)",
					"@executable_path/Frameworks",
				);
				PRODUCT_BUNDLE_IDENTIFIER = "kosgrey.Shneiderman-Mark";
				PRODUCT_NAME = "$(TARGET_NAME)";
				SWIFT_VERSION = 5.0;
				TARGETED_DEVICE_FAMILY = "1,2";
			};
			name = Debug;
		};
		4DDFE50D25C5501E008A2087 /* Release */ = {
			isa = XCBuildConfiguration;
			buildSettings = {
				ASSETCATALOG_COMPILER_APPICON_NAME = AppIcon;
				ASSETCATALOG_COMPILER_GLOBAL_ACCENT_COLOR_NAME = AccentColor;
				CODE_SIGN_STYLE = Automatic;
				DEVELOPMENT_TEAM = 58F4X29Z9Z;
				INFOPLIST_FILE = Shneiderman_Mark/Info.plist;
				IPHONEOS_DEPLOYMENT_TARGET = 14.4;
				LD_RUNPATH_SEARCH_PATHS = (
					"$(inherited)",
					"@executable_path/Frameworks",
				);
				PRODUCT_BUNDLE_IDENTIFIER = "kosgrey.Shneiderman-Mark";
				PRODUCT_NAME = "$(TARGET_NAME)";
				SWIFT_VERSION = 5.0;
				TARGETED_DEVICE_FAMILY = "1,2";
			};
			name = Release;
		};
/* End XCBuildConfiguration section */

/* Begin XCConfigurationList section */
		4DDFE4F225C5501E008A2087 /* Build configuration list for PBXProject "Shneiderman_Mark" */ = {
			isa = XCConfigurationList;
			buildConfigurations = (
				4DDFE50925C5501E008A2087 /* Debug */,
				4DDFE50A25C5501E008A2087 /* Release */,
			);
			defaultConfigurationIsVisible = 0;
			defaultConfigurationName = Release;
		};
		4DDFE50B25C5501E008A2087 /* Build configuration list for PBXNativeTarget "Shneiderman_Mark" */ = {
			isa = XCConfigurationList;
			buildConfigurations = (
				4DDFE50C25C5501E008A2087 /* Debug */,
				4DDFE50D25C5501E008A2087 /* Release */,
			);
			defaultConfigurationIsVisible = 0;
			defaultConfigurationName = Release;
		};
/* End XCConfigurationList section */
	};
	rootObject = 4DDFE4EF25C5501E008A2087 /* Project object */;
}
