// !$*UTF8*$!
{
	archiveVersion = 1;
	classes = {
	};
	objectVersion = 50;
	objects = {

/* Begin PBXBuildFile section */
		4D55E3B425E0FC0F000A569B /* AppDelegate.swift in Sources */ = {isa = PBXBuildFile; fileRef = 4D55E3B325E0FC0F000A569B /* AppDelegate.swift */; };
		4D55E3B625E0FC0F000A569B /* SceneDelegate.swift in Sources */ = {isa = PBXBuildFile; fileRef = 4D55E3B525E0FC0F000A569B /* SceneDelegate.swift */; };
		4D55E3B825E0FC0F000A569B /* ViewController.swift in Sources */ = {isa = PBXBuildFile; fileRef = 4D55E3B725E0FC0F000A569B /* ViewController.swift */; };
		4D55E3BB25E0FC0F000A569B /* Main.storyboard in Resources */ = {isa = PBXBuildFile; fileRef = 4D55E3B925E0FC0F000A569B /* Main.storyboard */; };
		4D55E3BE25E0FC0F000A569B /* ToDoList.xcdatamodeld in Sources */ = {isa = PBXBuildFile; fileRef = 4D55E3BC25E0FC0F000A569B /* ToDoList.xcdatamodeld */; };
		4D55E3C025E0FC12000A569B /* Assets.xcassets in Resources */ = {isa = PBXBuildFile; fileRef = 4D55E3BF25E0FC12000A569B /* Assets.xcassets */; };
		4D55E3C325E0FC12000A569B /* LaunchScreen.storyboard in Resources */ = {isa = PBXBuildFile; fileRef = 4D55E3C125E0FC12000A569B /* LaunchScreen.storyboard */; };
		4D55E3EF25E141ED000A569B /* Item+CoreDataClass.swift in Sources */ = {isa = PBXBuildFile; fileRef = 4D55E3ED25E141ED000A569B /* Item+CoreDataClass.swift */; };
		4D55E3F025E141ED000A569B /* Item+CoreDataProperties.swift in Sources */ = {isa = PBXBuildFile; fileRef = 4D55E3EE25E141ED000A569B /* Item+CoreDataProperties.swift */; };
		4D55E3F525E14285000A569B /* DataStoreManager.swift in Sources */ = {isa = PBXBuildFile; fileRef = 4D55E3F425E14285000A569B /* DataStoreManager.swift */; };
		4D55E3FA25E14546000A569B /* ItemTableViewCell.swift in Sources */ = {isa = PBXBuildFile; fileRef = 4D55E3F925E14546000A569B /* ItemTableViewCell.swift */; };
/* End PBXBuildFile section */

/* Begin PBXFileReference section */
		4D55E3B025E0FC0F000A569B /* ToDoList.app */ = {isa = PBXFileReference; explicitFileType = wrapper.application; includeInIndex = 0; path = ToDoList.app; sourceTree = BUILT_PRODUCTS_DIR; };
		4D55E3B325E0FC0F000A569B /* AppDelegate.swift */ = {isa = PBXFileReference; lastKnownFileType = sourcecode.swift; path = AppDelegate.swift; sourceTree = "<group>"; };
		4D55E3B525E0FC0F000A569B /* SceneDelegate.swift */ = {isa = PBXFileReference; lastKnownFileType = sourcecode.swift; path = SceneDelegate.swift; sourceTree = "<group>"; };
		4D55E3B725E0FC0F000A569B /* ViewController.swift */ = {isa = PBXFileReference; lastKnownFileType = sourcecode.swift; path = ViewController.swift; sourceTree = "<group>"; };
		4D55E3BA25E0FC0F000A569B /* Base */ = {isa = PBXFileReference; lastKnownFileType = file.storyboard; name = Base; path = Base.lproj/Main.storyboard; sourceTree = "<group>"; };
		4D55E3BD25E0FC0F000A569B /* ToDoList.xcdatamodel */ = {isa = PBXFileReference; lastKnownFileType = wrapper.xcdatamodel; path = ToDoList.xcdatamodel; sourceTree = "<group>"; };
		4D55E3BF25E0FC12000A569B /* Assets.xcassets */ = {isa = PBXFileReference; lastKnownFileType = folder.assetcatalog; path = Assets.xcassets; sourceTree = "<group>"; };
		4D55E3C225E0FC12000A569B /* Base */ = {isa = PBXFileReference; lastKnownFileType = file.storyboard; name = Base; path = Base.lproj/LaunchScreen.storyboard; sourceTree = "<group>"; };
		4D55E3C425E0FC12000A569B /* Info.plist */ = {isa = PBXFileReference; lastKnownFileType = text.plist.xml; path = Info.plist; sourceTree = "<group>"; };
		4D55E3ED25E141ED000A569B /* Item+CoreDataClass.swift */ = {isa = PBXFileReference; lastKnownFileType = sourcecode.swift; path = "Item+CoreDataClass.swift"; sourceTree = "<group>"; };
		4D55E3EE25E141ED000A569B /* Item+CoreDataProperties.swift */ = {isa = PBXFileReference; lastKnownFileType = sourcecode.swift; path = "Item+CoreDataProperties.swift"; sourceTree = "<group>"; };
		4D55E3F425E14285000A569B /* DataStoreManager.swift */ = {isa = PBXFileReference; lastKnownFileType = sourcecode.swift; path = DataStoreManager.swift; sourceTree = "<group>"; };
		4D55E3F925E14546000A569B /* ItemTableViewCell.swift */ = {isa = PBXFileReference; lastKnownFileType = sourcecode.swift; path = ItemTableViewCell.swift; sourceTree = "<group>"; };
/* End PBXFileReference section */

/* Begin PBXFrameworksBuildPhase section */
		4D55E3AD25E0FC0F000A569B /* Frameworks */ = {
			isa = PBXFrameworksBuildPhase;
			buildActionMask = 2147483647;
			files = (
			);
			runOnlyForDeploymentPostprocessing = 0;
		};
/* End PBXFrameworksBuildPhase section */

/* Begin PBXGroup section */
		4D55E3A725E0FC0F000A569B = {
			isa = PBXGroup;
			children = (
				4D55E3B225E0FC0F000A569B /* ToDoList */,
				4D55E3B125E0FC0F000A569B /* Products */,
			);
			sourceTree = "<group>";
		};
		4D55E3B125E0FC0F000A569B /* Products */ = {
			isa = PBXGroup;
			children = (
				4D55E3B025E0FC0F000A569B /* ToDoList.app */,
			);
			name = Products;
			sourceTree = "<group>";
		};
		4D55E3B225E0FC0F000A569B /* ToDoList */ = {
			isa = PBXGroup;
			children = (
				4D55E3B325E0FC0F000A569B /* AppDelegate.swift */,
				4D55E3B525E0FC0F000A569B /* SceneDelegate.swift */,
				4D55E3F225E141FE000A569B /* Model */,
				4D55E44225E7CACB000A569B /* View */,
				4D55E44025E7CAC2000A569B /* Controller */,
				4D55E3BF25E0FC12000A569B /* Assets.xcassets */,
				4D55E3C125E0FC12000A569B /* LaunchScreen.storyboard */,
				4D55E3C425E0FC12000A569B /* Info.plist */,
				4D55E3BC25E0FC0F000A569B /* ToDoList.xcdatamodeld */,
			);
			path = ToDoList;
			sourceTree = "<group>";
		};
		4D55E3F225E141FE000A569B /* Model */ = {
			isa = PBXGroup;
			children = (
				4D55E3F425E14285000A569B /* DataStoreManager.swift */,
				4D55E3ED25E141ED000A569B /* Item+CoreDataClass.swift */,
				4D55E3EE25E141ED000A569B /* Item+CoreDataProperties.swift */,
			);
			path = Model;
			sourceTree = "<group>";
		};
		4D55E44025E7CAC2000A569B /* Controller */ = {
			isa = PBXGroup;
			children = (
				4D55E3B725E0FC0F000A569B /* ViewController.swift */,
				4D55E3F925E14546000A569B /* ItemTableViewCell.swift */,
			);
			path = Controller;
			sourceTree = "<group>";
		};
		4D55E44225E7CACB000A569B /* View */ = {
			isa = PBXGroup;
			children = (
				4D55E3B925E0FC0F000A569B /* Main.storyboard */,
			);
			path = View;
			sourceTree = "<group>";
		};
/* End PBXGroup section */

/* Begin PBXNativeTarget section */
		4D55E3AF25E0FC0F000A569B /* ToDoList */ = {
			isa = PBXNativeTarget;
			buildConfigurationList = 4D55E3C725E0FC12000A569B /* Build configuration list for PBXNativeTarget "ToDoList" */;
			buildPhases = (
				4D55E3AC25E0FC0F000A569B /* Sources */,
				4D55E3AD25E0FC0F000A569B /* Frameworks */,
				4D55E3AE25E0FC0F000A569B /* Resources */,
			);
			buildRules = (
			);
			dependencies = (
			);
			name = ToDoList;
			productName = ToDoList;
			productReference = 4D55E3B025E0FC0F000A569B /* ToDoList.app */;
			productType = "com.apple.product-type.application";
		};
/* End PBXNativeTarget section */

/* Begin PBXProject section */
		4D55E3A825E0FC0F000A569B /* Project object */ = {
			isa = PBXProject;
			attributes = {
				LastSwiftUpdateCheck = 1240;
				LastUpgradeCheck = 1240;
				TargetAttributes = {
					4D55E3AF25E0FC0F000A569B = {
						CreatedOnToolsVersion = 12.4;
					};
				};
			};
			buildConfigurationList = 4D55E3AB25E0FC0F000A569B /* Build configuration list for PBXProject "ToDoList" */;
			compatibilityVersion = "Xcode 9.3";
			developmentRegion = en;
			hasScannedForEncodings = 0;
			knownRegions = (
				en,
				Base,
			);
			mainGroup = 4D55E3A725E0FC0F000A569B;
			productRefGroup = 4D55E3B125E0FC0F000A569B /* Products */;
			projectDirPath = "";
			projectRoot = "";
			targets = (
				4D55E3AF25E0FC0F000A569B /* ToDoList */,
			);
		};
/* End PBXProject section */

/* Begin PBXResourcesBuildPhase section */
		4D55E3AE25E0FC0F000A569B /* Resources */ = {
			isa = PBXResourcesBuildPhase;
			buildActionMask = 2147483647;
			files = (
				4D55E3C325E0FC12000A569B /* LaunchScreen.storyboard in Resources */,
				4D55E3C025E0FC12000A569B /* Assets.xcassets in Resources */,
				4D55E3BB25E0FC0F000A569B /* Main.storyboard in Resources */,
			);
			runOnlyForDeploymentPostprocessing = 0;
		};
/* End PBXResourcesBuildPhase section */

/* Begin PBXSourcesBuildPhase section */
		4D55E3AC25E0FC0F000A569B /* Sources */ = {
			isa = PBXSourcesBuildPhase;
			buildActionMask = 2147483647;
			files = (
				4D55E3F025E141ED000A569B /* Item+CoreDataProperties.swift in Sources */,
				4D55E3EF25E141ED000A569B /* Item+CoreDataClass.swift in Sources */,
				4D55E3B825E0FC0F000A569B /* ViewController.swift in Sources */,
				4D55E3B425E0FC0F000A569B /* AppDelegate.swift in Sources */,
				4D55E3FA25E14546000A569B /* ItemTableViewCell.swift in Sources */,
				4D55E3F525E14285000A569B /* DataStoreManager.swift in Sources */,
				4D55E3B625E0FC0F000A569B /* SceneDelegate.swift in Sources */,
				4D55E3BE25E0FC0F000A569B /* ToDoList.xcdatamodeld in Sources */,
			);
			runOnlyForDeploymentPostprocessing = 0;
		};
/* End PBXSourcesBuildPhase section */

/* Begin PBXVariantGroup section */
		4D55E3B925E0FC0F000A569B /* Main.storyboard */ = {
			isa = PBXVariantGroup;
			children = (
				4D55E3BA25E0FC0F000A569B /* Base */,
			);
			name = Main.storyboard;
			sourceTree = "<group>";
		};
		4D55E3C125E0FC12000A569B /* LaunchScreen.storyboard */ = {
			isa = PBXVariantGroup;
			children = (
				4D55E3C225E0FC12000A569B /* Base */,
			);
			name = LaunchScreen.storyboard;
			sourceTree = "<group>";
		};
/* End PBXVariantGroup section */

/* Begin XCBuildConfiguration section */
		4D55E3C525E0FC12000A569B /* Debug */ = {
			isa = XCBuildConfiguration;
			buildSettings = {
				ALWAYS_SEARCH_USER_PATHS = NO;
				CLANG_ANALYZER_NONNULL = YES;
				CLANG_ANALYZER_NUMBER_OBJECT_CONVERSION = YES_AGGRESSIVE;
				CLANG_CXX_LANGUAGE_STANDARD = "gnu++14";
				CLANG_CXX_LIBRARY = "libc++";
				CLANG_ENABLE_MODULES = YES;
				CLANG_ENABLE_OBJC_ARC = YES;
				CLANG_ENABLE_OBJC_WEAK = YES;
				CLANG_WARN_BLOCK_CAPTURE_AUTORELEASING = YES;
				CLANG_WARN_BOOL_CONVERSION = YES;
				CLANG_WARN_COMMA = YES;
				CLANG_WARN_CONSTANT_CONVERSION = YES;
				CLANG_WARN_DEPRECATED_OBJC_IMPLEMENTATIONS = YES;
				CLANG_WARN_DIRECT_OBJC_ISA_USAGE = YES_ERROR;
				CLANG_WARN_DOCUMENTATION_COMMENTS = YES;
				CLANG_WARN_EMPTY_BODY = YES;
				CLANG_WARN_ENUM_CONVERSION = YES;
				CLANG_WARN_INFINITE_RECURSION = YES;
				CLANG_WARN_INT_CONVERSION = YES;
				CLANG_WARN_NON_LITERAL_NULL_CONVERSION = YES;
				CLANG_WARN_OBJC_IMPLICIT_RETAIN_SELF = YES;
				CLANG_WARN_OBJC_LITERAL_CONVERSION = YES;
				CLANG_WARN_OBJC_ROOT_CLASS = YES_ERROR;
				CLANG_WARN_QUOTED_INCLUDE_IN_FRAMEWORK_HEADER = YES;
				CLANG_WARN_RANGE_LOOP_ANALYSIS = YES;
				CLANG_WARN_STRICT_PROTOTYPES = YES;
				CLANG_WARN_SUSPICIOUS_MOVE = YES;
				CLANG_WARN_UNGUARDED_AVAILABILITY = YES_AGGRESSIVE;
				CLANG_WARN_UNREACHABLE_CODE = YES;
				CLANG_WARN__DUPLICATE_METHOD_MATCH = YES;
				COPY_PHASE_STRIP = NO;
				DEBUG_INFORMATION_FORMAT = dwarf;
				ENABLE_STRICT_OBJC_MSGSEND = YES;
				ENABLE_TESTABILITY = YES;
				GCC_C_LANGUAGE_STANDARD = gnu11;
				GCC_DYNAMIC_NO_PIC = NO;
				GCC_NO_COMMON_BLOCKS = YES;
				GCC_OPTIMIZATION_LEVEL = 0;
				GCC_PREPROCESSOR_DEFINITIONS = (
					"DEBUG=1",
					"$(inherited)",
				);
				GCC_WARN_64_TO_32_BIT_CONVERSION = YES;
				GCC_WARN_ABOUT_RETURN_TYPE = YES_ERROR;
				GCC_WARN_UNDECLARED_SELECTOR = YES;
				GCC_WARN_UNINITIALIZED_AUTOS = YES_AGGRESSIVE;
				GCC_WARN_UNUSED_FUNCTION = YES;
				GCC_WARN_UNUSED_VARIABLE = YES;
				IPHONEOS_DEPLOYMENT_TARGET = 14.4;
				MTL_ENABLE_DEBUG_INFO = INCLUDE_SOURCE;
				MTL_FAST_MATH = YES;
				ONLY_ACTIVE_ARCH = YES;
				SDKROOT = iphoneos;
				SWIFT_ACTIVE_COMPILATION_CONDITIONS = DEBUG;
				SWIFT_OPTIMIZATION_LEVEL = "-Onone";
			};
			name = Debug;
		};
		4D55E3C625E0FC12000A569B /* Release */ = {
			isa = XCBuildConfiguration;
			buildSettings = {
				ALWAYS_SEARCH_USER_PATHS = NO;
				CLANG_ANALYZER_NONNULL = YES;
				CLANG_ANALYZER_NUMBER_OBJECT_CONVERSION = YES_AGGRESSIVE;
				CLANG_CXX_LANGUAGE_STANDARD = "gnu++14";
				CLANG_CXX_LIBRARY = "libc++";
				CLANG_ENABLE_MODULES = YES;
				CLANG_ENABLE_OBJC_ARC = YES;
				CLANG_ENABLE_OBJC_WEAK = YES;
				CLANG_WARN_BLOCK_CAPTURE_AUTORELEASING = YES;
				CLANG_WARN_BOOL_CONVERSION = YES;
				CLANG_WARN_COMMA = YES;
				CLANG_WARN_CONSTANT_CONVERSION = YES;
				CLANG_WARN_DEPRECATED_OBJC_IMPLEMENTATIONS = YES;
				CLANG_WARN_DIRECT_OBJC_ISA_USAGE = YES_ERROR;
				CLANG_WARN_DOCUMENTATION_COMMENTS = YES;
				CLANG_WARN_EMPTY_BODY = YES;
				CLANG_WARN_ENUM_CONVERSION = YES;
				CLANG_WARN_INFINITE_RECURSION = YES;
				CLANG_WARN_INT_CONVERSION = YES;
				CLANG_WARN_NON_LITERAL_NULL_CONVERSION = YES;
				CLANG_WARN_OBJC_IMPLICIT_RETAIN_SELF = YES;
				CLANG_WARN_OBJC_LITERAL_CONVERSION = YES;
				CLANG_WARN_OBJC_ROOT_CLASS = YES_ERROR;
				CLANG_WARN_QUOTED_INCLUDE_IN_FRAMEWORK_HEADER = YES;
				CLANG_WARN_RANGE_LOOP_ANALYSIS = YES;
				CLANG_WARN_STRICT_PROTOTYPES = YES;
				CLANG_WARN_SUSPICIOUS_MOVE = YES;
				CLANG_WARN_UNGUARDED_AVAILABILITY = YES_AGGRESSIVE;
				CLANG_WARN_UNREACHABLE_CODE = YES;
				CLANG_WARN__DUPLICATE_METHOD_MATCH = YES;
				COPY_PHASE_STRIP = NO;
				DEBUG_INFORMATION_FORMAT = "dwarf-with-dsym";
				ENABLE_NS_ASSERTIONS = NO;
				ENABLE_STRICT_OBJC_MSGSEND = YES;
				GCC_C_LANGUAGE_STANDARD = gnu11;
				GCC_NO_COMMON_BLOCKS = YES;
				GCC_WARN_64_TO_32_BIT_CONVERSION = YES;
				GCC_WARN_ABOUT_RETURN_TYPE = YES_ERROR;
				GCC_WARN_UNDECLARED_SELECTOR = YES;
				GCC_WARN_UNINITIALIZED_AUTOS = YES_AGGRESSIVE;
				GCC_WARN_UNUSED_FUNCTION = YES;
				GCC_WARN_UNUSED_VARIABLE = YES;
				IPHONEOS_DEPLOYMENT_TARGET = 14.4;
				MTL_ENABLE_DEBUG_INFO = NO;
				MTL_FAST_MATH = YES;
				SDKROOT = iphoneos;
				SWIFT_COMPILATION_MODE = wholemodule;
				SWIFT_OPTIMIZATION_LEVEL = "-O";
				VALIDATE_PRODUCT = YES;
			};
			name = Release;
		};
		4D55E3C825E0FC12000A569B /* Debug */ = {
			isa = XCBuildConfiguration;
			buildSettings = {
				ASSETCATALOG_COMPILER_APPICON_NAME = AppIcon;
				ASSETCATALOG_COMPILER_GLOBAL_ACCENT_COLOR_NAME = AccentColor;
				CODE_SIGN_STYLE = Automatic;
				DEVELOPMENT_TEAM = 58F4X29Z9Z;
				INFOPLIST_FILE = ToDoList/Info.plist;
				LD_RUNPATH_SEARCH_PATHS = (
					"$(inherited)",
					"@executable_path/Frameworks",
				);
				PRODUCT_BUNDLE_IDENTIFIER = kosgrey.ToDoList;
				PRODUCT_NAME = "$(TARGET_NAME)";
				SWIFT_VERSION = 5.0;
				TARGETED_DEVICE_FAMILY = "1,2";
			};
			name = Debug;
		};
		4D55E3C925E0FC12000A569B /* Release */ = {
			isa = XCBuildConfiguration;
			buildSettings = {
				ASSETCATALOG_COMPILER_APPICON_NAME = AppIcon;
				ASSETCATALOG_COMPILER_GLOBAL_ACCENT_COLOR_NAME = AccentColor;
				CODE_SIGN_STYLE = Automatic;
				DEVELOPMENT_TEAM = 58F4X29Z9Z;
				INFOPLIST_FILE = ToDoList/Info.plist;
				LD_RUNPATH_SEARCH_PATHS = (
					"$(inherited)",
					"@executable_path/Frameworks",
				);
				PRODUCT_BUNDLE_IDENTIFIER = kosgrey.ToDoList;
				PRODUCT_NAME = "$(TARGET_NAME)";
				SWIFT_VERSION = 5.0;
				TARGETED_DEVICE_FAMILY = "1,2";
			};
			name = Release;
		};
/* End XCBuildConfiguration section */

/* Begin XCConfigurationList section */
		4D55E3AB25E0FC0F000A569B /* Build configuration list for PBXProject "ToDoList" */ = {
			isa = XCConfigurationList;
			buildConfigurations = (
				4D55E3C525E0FC12000A569B /* Debug */,
				4D55E3C625E0FC12000A569B /* Release */,
			);
			defaultConfigurationIsVisible = 0;
			defaultConfigurationName = Release;
		};
		4D55E3C725E0FC12000A569B /* Build configuration list for PBXNativeTarget "ToDoList" */ = {
			isa = XCConfigurationList;
			buildConfigurations = (
				4D55E3C825E0FC12000A569B /* Debug */,
				4D55E3C925E0FC12000A569B /* Release */,
			);
			defaultConfigurationIsVisible = 0;
			defaultConfigurationName = Release;
		};
/* End XCConfigurationList section */

/* Begin XCVersionGroup section */
		4D55E3BC25E0FC0F000A569B /* ToDoList.xcdatamodeld */ = {
			isa = XCVersionGroup;
			children = (
				4D55E3BD25E0FC0F000A569B /* ToDoList.xcdatamodel */,
			);
			currentVersion = 4D55E3BD25E0FC0F000A569B /* ToDoList.xcdatamodel */;
			path = ToDoList.xcdatamodeld;
			sourceTree = "<group>";
			versionGroupType = wrapper.xcdatamodel;
		};
/* End XCVersionGroup section */
	};
	rootObject = 4D55E3A825E0FC0F000A569B /* Project object */;
}
